<Solution>
  <Folder Name="/src/">
    <Project Path="src/Commissions.Calculator/Commissions.Calculator.csproj" />
    <Project Path="src/Commissions.Contracts/Commissions.Contracts.csproj" />
    <Project Path="src/Commissions.Core/Commissions.Core.csproj" />
    <Project Path="src/Commissions.Infrastructure/Commissions.Infrastructure.csproj" />
    <Project Path="src/Commissions.Ingestor/Commissions.Ingestor.csproj" />
    <Project Path="src/Commissions.Lookup/Commissions.Lookup.csproj" />
  </Folder>
  <Folder Name="/tests/">
    <Project Path="tests/Commissions.UnitTests/Commissions.UnitTests.csproj" />
  </Folder>
</Solution>
